
Microsoft Visual Studio Solution File, Format Version 12.00
# Visual Studio Version 17
VisualStudioVersion = 17.1.31903.286
MinimumVisualStudioVersion = 10.0.40219.1
Project("{9A19103F-16F7-4668-BE54-9A1E7A4F7556}") = "RevitAddinTemplate", "RevitAddinTemplate\RevitAddinTemplate.csproj", "{CE731915-0277-4647-87FD-998DCE69410B}"
EndProject
Global
	GlobalSection(SolutionConfigurationPlatforms) = preSolution
		2018|x64 = 2018|x64
		2019|x64 = 2019|x64
		2020|x64 = 2020|x64
		2021|x64 = 2021|x64
		2022|x64 = 2022|x64
	EndGlobalSection
	GlobalSection(ProjectConfigurationPlatforms) = postSolution
		{CE731915-0277-4647-87FD-998DCE69410B}.2018|x64.ActiveCfg = 2018|x64
		{CE731915-0277-4647-87FD-998DCE69410B}.2018|x64.Build.0 = 2018|x64
		{CE731915-0277-4647-87FD-998DCE69410B}.2019|x64.ActiveCfg = 2019|x64
		{CE731915-0277-4647-87FD-998DCE69410B}.2019|x64.Build.0 = 2019|x64
		{CE731915-0277-4647-87FD-998DCE69410B}.2020|x64.ActiveCfg = 2020|x64
		{CE731915-0277-4647-87FD-998DCE69410B}.2020|x64.Build.0 = 2020|x64
		{CE731915-0277-4647-87FD-998DCE69410B}.2021|x64.ActiveCfg = 2021|x64
		{CE731915-0277-4647-87FD-998DCE69410B}.2021|x64.Build.0 = 2021|x64
		{CE731915-0277-4647-87FD-998DCE69410B}.2022|x64.ActiveCfg = 2022|x64
		{CE731915-0277-4647-87FD-998DCE69410B}.2022|x64.Build.0 = 2022|x64
	EndGlobalSection
	GlobalSection(SolutionProperties) = preSolution
		HideSolutionNode = FALSE
	EndGlobalSection
	GlobalSection(ExtensibilityGlobals) = postSolution
		SolutionGuid = {E43D5CDB-A73E-461D-9DCC-398E344F2E6F}
	EndGlobalSection
EndGlobal
